
Microsoft Visual Studio Solution File, Format Version 12.00
# Visual Studio Version 16
VisualStudioVersion = 16.0.31129.286
MinimumVisualStudioVersion = 10.0.40219.1
Project("{FAE04EC0-301F-11D3-BF4B-00C04F79EFBC}") = "ExcelOrderAddIn", "ExcelOrderAddIn\ExcelOrderAddIn.csproj", "{0B9EF784-3F16-4EB8-AF49-75B57FBF842B}"
EndProject
Project("{FAE04EC0-301F-11D3-BF4B-00C04F79EFBC}") = "Tests", "Tests\Tests.csproj", "{BA4693E0-AD5A-4B08-84AD-6EC83BB76C9B}"
EndProject
Global
	GlobalSection(SolutionConfigurationPlatforms) = preSolution
		Debug|Any CPU = Debug|Any CPU
		Release|Any CPU = Release|Any CPU
	EndGlobalSection
	GlobalSection(ProjectConfigurationPlatforms) = postSolution
		{0B9EF784-3F16-4EB8-AF49-75B57FBF842B}.Debug|Any CPU.ActiveCfg = Debug|Any CPU
		{0B9EF784-3F16-4EB8-AF49-75B57FBF842B}.Debug|Any CPU.Build.0 = Debug|Any CPU
		{0B9EF784-3F16-4EB8-AF49-75B57FBF842B}.Release|Any CPU.ActiveCfg = Release|Any CPU
		{0B9EF784-3F16-4EB8-AF49-75B57FBF842B}.Release|Any CPU.Build.0 = Release|Any CPU
		{BA4693E0-AD5A-4B08-84AD-6EC83BB76C9B}.Debug|Any CPU.ActiveCfg = Debug|Any CPU
		{BA4693E0-AD5A-4B08-84AD-6EC83BB76C9B}.Debug|Any CPU.Build.0 = Debug|Any CPU
		{BA4693E0-AD5A-4B08-84AD-6EC83BB76C9B}.Release|Any CPU.ActiveCfg = Release|Any CPU
		{BA4693E0-AD5A-4B08-84AD-6EC83BB76C9B}.Release|Any CPU.Build.0 = Release|Any CPU
	EndGlobalSection
	GlobalSection(SolutionProperties) = preSolution
		HideSolutionNode = FALSE
	EndGlobalSection
	GlobalSection(ExtensibilityGlobals) = postSolution
		SolutionGuid = {79A3B096-4969-4474-A70C-F9F146744080}
	EndGlobalSection
EndGlobal
